{
	"name": "web",
	"version": "0.4.0",
	"lockfileVersion": 3,
	"requires": true,
	"packages": {
		"": {
			"name": "web",
			"version": "0.4.0",
			"dependencies": {
				"@fortawesome/fontawesome-free": "^6.4.0",
				"@sveltejs/adapter-static": "^2.0.2",
				"bulma": "^0.9.4",
				"svelte-modals": "^1.2.1",
				"svelte-scrollto-element": "^0.7.0"
			},
			"devDependencies": {
				"@sveltejs/adapter-auto": "^2.0.0",
				"@sveltejs/kit": "^1.20.0",
				"svelte": "^3.59.1",
				"vite": "^4.3.9"
			}
		},
		"node_modules/@esbuild/linux-x64": {
			"version": "0.17.19",
			"resolved": "https://registry.npmjs.org/@esbuild/linux-x64/-/linux-x64-0.17.19.tgz",
			"integrity": "sha512-68ngA9lg2H6zkZcyp22tsVt38mlhWde8l3eJLWkyLrp4HwMUr3c1s/M2t7+kHIhvMjglIBrFpncX1SzMckomGw==",
			"cpu": [
				"x64"
			],
			"optional": true,
			"os": [
				"linux"
			],
			"engines": {
				"node": ">=12"
			}
		},
		"node_modules/@fortawesome/fontawesome-free": {
			"version": "6.4.0",
			"resolved": "https://registry.npmjs.org/@fortawesome/fontawesome-free/-/fontawesome-free-6.4.0.tgz",
			"integrity": "sha512-0NyytTlPJwB/BF5LtRV8rrABDbe3TdTXqNB3PdZ+UUUZAEIrdOJdmABqKjt4AXwIoJNaRVVZEXxpNrqvE1GAYQ==",
			"hasInstallScript": true,
			"engines": {
				"node": ">=6"
			}
		},
		"node_modules/@jridgewell/sourcemap-codec": {
			"version": "1.4.15",
			"resolved": "https://registry.npmjs.org/@jridgewell/sourcemap-codec/-/sourcemap-codec-1.4.15.tgz",
			"integrity": "sha512-eF2rxCRulEKXHTRiDrDy6erMYWqNw4LPdQ8UQA4huuxaQsVeRPFl2oM8oDGxMFhJUWZf9McpLtJasDDZb/Bpeg=="
		},
		"node_modules/@polka/url": {
			"version": "1.0.0-next.21",
			"resolved": "https://registry.npmjs.org/@polka/url/-/url-1.0.0-next.21.tgz",
			"integrity": "sha512-a5Sab1C4/icpTZVzZc5Ghpz88yQtGOyNqYXcZgOssB2uuAr+wF/MvN6bgtW32q7HHrvBki+BsZ0OuNv6EV3K9g=="
		},
		"node_modules/@sveltejs/adapter-auto": {
			"version": "2.1.0",
			"resolved": "https://registry.npmjs.org/@sveltejs/adapter-auto/-/adapter-auto-2.1.0.tgz",
			"integrity": "sha512-o2pZCfATFtA/Gw/BB0Xm7k4EYaekXxaPGER3xGSY3FvzFJGTlJlZjBseaXwYSM94lZ0HniOjTokN3cWaLX6fow==",
			"dev": true,
			"dependencies": {
				"import-meta-resolve": "^3.0.0"
			},
			"peerDependencies": {
				"@sveltejs/kit": "^1.0.0"
			}
		},
		"node_modules/@sveltejs/adapter-static": {
			"version": "2.0.2",
			"resolved": "https://registry.npmjs.org/@sveltejs/adapter-static/-/adapter-static-2.0.2.tgz",
			"integrity": "sha512-9wYtf6s6ew7DHUHMrt55YpD1FgV7oWql2IGsW5BXquLxqcY9vjrqCFo0TzzDpo+ZPZkW/v77k0eOP6tsAb8HmQ==",
			"peerDependencies": {
				"@sveltejs/kit": "^1.5.0"
			}
		},
		"node_modules/@sveltejs/kit": {
			"version": "1.20.0",
			"resolved": "https://registry.npmjs.org/@sveltejs/kit/-/kit-1.20.0.tgz",
			"integrity": "sha512-2ZW14afgcCQBk3BN8+FWUUCIZg+TKeDFuOMUpDNllTa6sKZ+YQNpxhsrt9abaZohPGsGGOYmk5fzy8D8MHVNBw==",
			"hasInstallScript": true,
			"dependencies": {
				"@sveltejs/vite-plugin-svelte": "^2.4.1",
				"@types/cookie": "^0.5.1",
				"cookie": "^0.5.0",
				"devalue": "^4.3.1",
				"esm-env": "^1.0.0",
				"kleur": "^4.1.5",
				"magic-string": "^0.30.0",
				"mime": "^3.0.0",
				"sade": "^1.8.1",
				"set-cookie-parser": "^2.6.0",
				"sirv": "^2.0.2",
				"tiny-glob": "^0.2.9",
				"undici": "~5.22.0"
			},
			"bin": {
				"svelte-kit": "svelte-kit.js"
			},
			"engines": {
				"node": "^16.14 || >=18"
			},
			"peerDependencies": {
				"svelte": "^3.54.0 || ^4.0.0-next.0",
				"vite": "^4.0.0"
			}
		},
		"node_modules/@sveltejs/vite-plugin-svelte": {
			"version": "2.4.1",
			"resolved": "https://registry.npmjs.org/@sveltejs/vite-plugin-svelte/-/vite-plugin-svelte-2.4.1.tgz",
			"integrity": "sha512-bNNKvoRY89ptY7udeBSCmTdCVwkjmMcZ0j/z9J5MuedT8jPjq0zrknAo/jF1sToAza4NVaAgR9AkZoD9oJJmnA==",
			"dependencies": {
				"@sveltejs/vite-plugin-svelte-inspector": "^1.0.2",
				"debug": "^4.3.4",
				"deepmerge": "^4.3.1",
				"kleur": "^4.1.5",
				"magic-string": "^0.30.0",
				"svelte-hmr": "^0.15.1",
				"vitefu": "^0.2.4"
			},
			"engines": {
				"node": "^14.18.0 || >= 16"
			},
			"peerDependencies": {
				"svelte": "^3.54.0 || ^4.0.0-next.0",
				"vite": "^4.0.0"
			}
		},
		"node_modules/@sveltejs/vite-plugin-svelte-inspector": {
			"version": "1.0.2",
			"resolved": "https://registry.npmjs.org/@sveltejs/vite-plugin-svelte-inspector/-/vite-plugin-svelte-inspector-1.0.2.tgz",
			"integrity": "sha512-Cy1dUMcYCnDVV/hPLXa43YZJ2jGKVW5rA0xuNL9dlmYhT0yoS1g7+FOFSRlgk0BXKk/Oc7grs+8BVA5Iz2fr8A==",
			"dependencies": {
				"debug": "^4.3.4"
			},
			"engines": {
				"node": "^14.18.0 || >= 16"
			},
			"peerDependencies": {
				"@sveltejs/vite-plugin-svelte": "^2.2.0",
				"svelte": "^3.54.0 || ^4.0.0-next.0",
				"vite": "^4.0.0"
			}
		},
		"node_modules/@types/cookie": {
			"version": "0.5.1",
			"resolved": "https://registry.npmjs.org/@types/cookie/-/cookie-0.5.1.tgz",
			"integrity": "sha512-COUnqfB2+ckwXXSFInsFdOAWQzCCx+a5hq2ruyj+Vjund94RJQd4LG2u9hnvJrTgunKAaax7ancBYlDrNYxA0g=="
		},
		"node_modules/bulma": {
			"version": "0.9.4",
			"resolved": "https://registry.npmjs.org/bulma/-/bulma-0.9.4.tgz",
			"integrity": "sha512-86FlT5+1GrsgKbPLRRY7cGDg8fsJiP/jzTqXXVqiUZZ2aZT8uemEOHlU1CDU+TxklPEZ11HZNNWclRBBecP4CQ=="
		},
		"node_modules/busboy": {
			"version": "1.6.0",
			"resolved": "https://registry.npmjs.org/busboy/-/busboy-1.6.0.tgz",
			"integrity": "sha512-8SFQbg/0hQ9xy3UNTB0YEnsNBbWfhf7RtnzpL7TkBiTBRfrQ9Fxcnz7VJsleJpyp6rVLvXiuORqjlHi5q+PYuA==",
			"dependencies": {
				"streamsearch": "^1.1.0"
			},
			"engines": {
				"node": ">=10.16.0"
			}
		},
		"node_modules/cookie": {
			"version": "0.5.0",
			"resolved": "https://registry.npmjs.org/cookie/-/cookie-0.5.0.tgz",
			"integrity": "sha512-YZ3GUyn/o8gfKJlnlX7g7xq4gyO6OSuhGPKaaGssGB2qgDUS0gPgtTvoyZLTt9Ab6dC4hfc9dV5arkvc/OCmrw==",
			"engines": {
				"node": ">= 0.6"
			}
		},
		"node_modules/debug": {
			"version": "4.3.4",
			"resolved": "https://registry.npmjs.org/debug/-/debug-4.3.4.tgz",
			"integrity": "sha512-PRWFHuSU3eDtQJPvnNY7Jcket1j0t5OuOsFzPPzsekD52Zl8qUfFIPEiswXqIvHWGVHOgX+7G/vCNNhehwxfkQ==",
			"dependencies": {
				"ms": "2.1.2"
			},
			"engines": {
				"node": ">=6.0"
			},
			"peerDependenciesMeta": {
				"supports-color": {
					"optional": true
				}
			}
		},
		"node_modules/deepmerge": {
			"version": "4.3.1",
			"resolved": "https://registry.npmjs.org/deepmerge/-/deepmerge-4.3.1.tgz",
			"integrity": "sha512-3sUqbMEc77XqpdNO7FRyRog+eW3ph+GYCbj+rK+uYyRMuwsVy0rMiVtPn+QJlKFvWP/1PYpapqYn0Me2knFn+A==",
			"engines": {
				"node": ">=0.10.0"
			}
		},
		"node_modules/devalue": {
			"version": "4.3.2",
			"resolved": "https://registry.npmjs.org/devalue/-/devalue-4.3.2.tgz",
			"integrity": "sha512-KqFl6pOgOW+Y6wJgu80rHpo2/3H07vr8ntR9rkkFIRETewbf5GaYYcakYfiKz89K+sLsuPkQIZaXDMjUObZwWg=="
		},
		"node_modules/esbuild": {
			"version": "0.17.19",
			"resolved": "https://registry.npmjs.org/esbuild/-/esbuild-0.17.19.tgz",
			"integrity": "sha512-XQ0jAPFkK/u3LcVRcvVHQcTIqD6E2H1fvZMA5dQPSOWb3suUbWbfbRf94pjc0bNzRYLfIrDRQXr7X+LHIm5oHw==",
			"hasInstallScript": true,
			"bin": {
				"esbuild": "bin/esbuild"
			},
			"engines": {
				"node": ">=12"
			},
			"optionalDependencies": {
				"@esbuild/android-arm": "0.17.19",
				"@esbuild/android-arm64": "0.17.19",
				"@esbuild/android-x64": "0.17.19",
				"@esbuild/darwin-arm64": "0.17.19",
				"@esbuild/darwin-x64": "0.17.19",
				"@esbuild/freebsd-arm64": "0.17.19",
				"@esbuild/freebsd-x64": "0.17.19",
				"@esbuild/linux-arm": "0.17.19",
				"@esbuild/linux-arm64": "0.17.19",
				"@esbuild/linux-ia32": "0.17.19",
				"@esbuild/linux-loong64": "0.17.19",
				"@esbuild/linux-mips64el": "0.17.19",
				"@esbuild/linux-ppc64": "0.17.19",
				"@esbuild/linux-riscv64": "0.17.19",
				"@esbuild/linux-s390x": "0.17.19",
				"@esbuild/linux-x64": "0.17.19",
				"@esbuild/netbsd-x64": "0.17.19",
				"@esbuild/openbsd-x64": "0.17.19",
				"@esbuild/sunos-x64": "0.17.19",
				"@esbuild/win32-arm64": "0.17.19",
				"@esbuild/win32-ia32": "0.17.19",
				"@esbuild/win32-x64": "0.17.19"
			}
		},
		"node_modules/esm-env": {
			"version": "1.0.0",
			"resolved": "https://registry.npmjs.org/esm-env/-/esm-env-1.0.0.tgz",
			"integrity": "sha512-Cf6VksWPsTuW01vU9Mk/3vRue91Zevka5SjyNf3nEpokFRuqt/KjUQoGAwq9qMmhpLTHmXzSIrFRw8zxWzmFBA=="
		},
		"node_modules/globalyzer": {
			"version": "0.1.0",
			"resolved": "https://registry.npmjs.org/globalyzer/-/globalyzer-0.1.0.tgz",
			"integrity": "sha512-40oNTM9UfG6aBmuKxk/giHn5nQ8RVz/SS4Ir6zgzOv9/qC3kKZ9v4etGTcJbEl/NyVQH7FGU7d+X1egr57Md2Q=="
		},
		"node_modules/globrex": {
			"version": "0.1.2",
			"resolved": "https://registry.npmjs.org/globrex/-/globrex-0.1.2.tgz",
			"integrity": "sha512-uHJgbwAMwNFf5mLst7IWLNg14x1CkeqglJb/K3doi4dw6q2IvAAmM/Y81kevy83wP+Sst+nutFTYOGg3d1lsxg=="
		},
		"node_modules/import-meta-resolve": {
			"version": "3.0.0",
			"resolved": "https://registry.npmjs.org/import-meta-resolve/-/import-meta-resolve-3.0.0.tgz",
			"integrity": "sha512-4IwhLhNNA8yy445rPjD/lWh++7hMDOml2eHtd58eG7h+qK3EryMuuRbsHGPikCoAgIkkDnckKfWSk2iDla/ejg==",
			"dev": true,
			"funding": {
				"type": "github",
				"url": "https://github.com/sponsors/wooorm"
			}
		},
		"node_modules/kleur": {
			"version": "4.1.5",
			"resolved": "https://registry.npmjs.org/kleur/-/kleur-4.1.5.tgz",
			"integrity": "sha512-o+NO+8WrRiQEE4/7nwRJhN1HWpVmJm511pBHUxPLtp0BUISzlBplORYSmTclCnJvQq2tKu/sgl3xVpkc7ZWuQQ==",
			"engines": {
				"node": ">=6"
			}
		},
		"node_modules/magic-string": {
			"version": "0.30.0",
			"resolved": "https://registry.npmjs.org/magic-string/-/magic-string-0.30.0.tgz",
			"integrity": "sha512-LA+31JYDJLs82r2ScLrlz1GjSgu66ZV518eyWT+S8VhyQn/JL0u9MeBOvQMGYiPk1DBiSN9DDMOcXvigJZaViQ==",
			"dependencies": {
				"@jridgewell/sourcemap-codec": "^1.4.13"
			},
			"engines": {
				"node": ">=12"
			}
		},
		"node_modules/mime": {
			"version": "3.0.0",
			"resolved": "https://registry.npmjs.org/mime/-/mime-3.0.0.tgz",
			"integrity": "sha512-jSCU7/VB1loIWBZe14aEYHU/+1UMEHoaO7qxCOVJOw9GgH72VAWppxNcjU+x9a2k3GSIBXNKxXQFqRvvZ7vr3A==",
			"bin": {
				"mime": "cli.js"
			},
			"engines": {
				"node": ">=10.0.0"
			}
		},
		"node_modules/mri": {
			"version": "1.2.0",
			"resolved": "https://registry.npmjs.org/mri/-/mri-1.2.0.tgz",
			"integrity": "sha512-tzzskb3bG8LvYGFF/mDTpq3jpI6Q9wc3LEmBaghu+DdCssd1FakN7Bc0hVNmEyGq1bq3RgfkCb3cmQLpNPOroA==",
			"engines": {
				"node": ">=4"
			}
		},
		"node_modules/mrmime": {
			"version": "1.0.1",
			"resolved": "https://registry.npmjs.org/mrmime/-/mrmime-1.0.1.tgz",
			"integrity": "sha512-hzzEagAgDyoU1Q6yg5uI+AorQgdvMCur3FcKf7NhMKWsaYg+RnbTyHRa/9IlLF9rf455MOCtcqqrQQ83pPP7Uw==",
			"engines": {
				"node": ">=10"
			}
		},
		"node_modules/ms": {
			"version": "2.1.2",
			"resolved": "https://registry.npmjs.org/ms/-/ms-2.1.2.tgz",
			"integrity": "sha512-sGkPx+VjMtmA6MX27oA4FBFELFCZZ4S4XqeGOXCv68tT+jb3vk/RyaKWP0PTKyWtmLSM0b+adUTEvbs1PEaH2w=="
		},
		"node_modules/nanoid": {
			"version": "3.3.6",
			"resolved": "https://registry.npmjs.org/nanoid/-/nanoid-3.3.6.tgz",
			"integrity": "sha512-BGcqMMJuToF7i1rt+2PWSNVnWIkGCU78jBG3RxO/bZlnZPK2Cmi2QaffxGO/2RvWi9sL+FAiRiXMgsyxQ1DIDA==",
			"funding": [
				{
					"type": "github",
					"url": "https://github.com/sponsors/ai"
				}
			],
			"bin": {
				"nanoid": "bin/nanoid.cjs"
			},
			"engines": {
				"node": "^10 || ^12 || ^13.7 || ^14 || >=15.0.1"
			}
		},
		"node_modules/picocolors": {
			"version": "1.0.0",
			"resolved": "https://registry.npmjs.org/picocolors/-/picocolors-1.0.0.tgz",
			"integrity": "sha512-1fygroTLlHu66zi26VoTDv8yRgm0Fccecssto+MhsZ0D/DGW2sm8E8AjW7NU5VVTRt5GxbeZ5qBuJr+HyLYkjQ=="
		},
		"node_modules/postcss": {
			"version": "8.4.24",
			"resolved": "https://registry.npmjs.org/postcss/-/postcss-8.4.24.tgz",
			"integrity": "sha512-M0RzbcI0sO/XJNucsGjvWU9ERWxb/ytp1w6dKtxTKgixdtQDq4rmx/g8W1hnaheq9jgwL/oyEdH5Bc4WwJKMqg==",
			"funding": [
				{
					"type": "opencollective",
					"url": "https://opencollective.com/postcss/"
				},
				{
					"type": "tidelift",
					"url": "https://tidelift.com/funding/github/npm/postcss"
				},
				{
					"type": "github",
					"url": "https://github.com/sponsors/ai"
				}
			],
			"dependencies": {
				"nanoid": "^3.3.6",
				"picocolors": "^1.0.0",
				"source-map-js": "^1.0.2"
			},
			"engines": {
				"node": "^10 || ^12 || >=14"
			}
		},
		"node_modules/rollup": {
			"version": "3.23.0",
			"resolved": "https://registry.npmjs.org/rollup/-/rollup-3.23.0.tgz",
			"integrity": "sha512-h31UlwEi7FHihLe1zbk+3Q7z1k/84rb9BSwmBSr/XjOCEaBJ2YyedQDuM0t/kfOS0IxM+vk1/zI9XxYj9V+NJQ==",
			"bin": {
				"rollup": "dist/bin/rollup"
			},
			"engines": {
				"node": ">=14.18.0",
				"npm": ">=8.0.0"
			},
			"optionalDependencies": {
				"fsevents": "~2.3.2"
			}
		},
		"node_modules/sade": {
			"version": "1.8.1",
			"resolved": "https://registry.npmjs.org/sade/-/sade-1.8.1.tgz",
			"integrity": "sha512-xal3CZX1Xlo/k4ApwCFrHVACi9fBqJ7V+mwhBsuf/1IOKbBy098Fex+Wa/5QMubw09pSZ/u8EY8PWgevJsXp1A==",
			"dependencies": {
				"mri": "^1.1.0"
			},
			"engines": {
				"node": ">=6"
			}
		},
		"node_modules/set-cookie-parser": {
			"version": "2.6.0",
			"resolved": "https://registry.npmjs.org/set-cookie-parser/-/set-cookie-parser-2.6.0.tgz",
			"integrity": "sha512-RVnVQxTXuerk653XfuliOxBP81Sf0+qfQE73LIYKcyMYHG94AuH0kgrQpRDuTZnSmjpysHmzxJXKNfa6PjFhyQ=="
		},
		"node_modules/sirv": {
			"version": "2.0.3",
			"resolved": "https://registry.npmjs.org/sirv/-/sirv-2.0.3.tgz",
			"integrity": "sha512-O9jm9BsID1P+0HOi81VpXPoDxYP374pkOLzACAoyUQ/3OUVndNpsz6wMnY2z+yOxzbllCKZrM+9QrWsv4THnyA==",
			"dependencies": {
				"@polka/url": "^1.0.0-next.20",
				"mrmime": "^1.0.0",
				"totalist": "^3.0.0"
			},
			"engines": {
				"node": ">= 10"
			}
		},
		"node_modules/source-map-js": {
			"version": "1.0.2",
			"resolved": "https://registry.npmjs.org/source-map-js/-/source-map-js-1.0.2.tgz",
			"integrity": "sha512-R0XvVJ9WusLiqTCEiGCmICCMplcCkIwwR11mOSD9CR5u+IXYdiseeEuXCVAjS54zqwkLcPNnmU4OeJ6tUrWhDw==",
			"engines": {
				"node": ">=0.10.0"
			}
		},
		"node_modules/streamsearch": {
			"version": "1.1.0",
			"resolved": "https://registry.npmjs.org/streamsearch/-/streamsearch-1.1.0.tgz",
			"integrity": "sha512-Mcc5wHehp9aXz1ax6bZUyY5afg9u2rv5cqQI3mRrYkGC8rW2hM02jWuwjtL++LS5qinSyhj2QfLyNsuc+VsExg==",
			"engines": {
				"node": ">=10.0.0"
			}
		},
		"node_modules/svelte": {
			"version": "3.59.1",
			"resolved": "https://registry.npmjs.org/svelte/-/svelte-3.59.1.tgz",
			"integrity": "sha512-pKj8fEBmqf6mq3/NfrB9SLtcJcUvjYSWyePlfCqN9gujLB25RitWK8PvFzlwim6hD/We35KbPlRteuA6rnPGcQ==",
			"engines": {
				"node": ">= 8"
			}
		},
		"node_modules/svelte-hmr": {
			"version": "0.15.2",
			"resolved": "https://registry.npmjs.org/svelte-hmr/-/svelte-hmr-0.15.2.tgz",
			"integrity": "sha512-q/bAruCvFLwvNbeE1x3n37TYFb3mTBJ6TrCq6p2CoFbSTNhDE9oAtEfpy+wmc9So8AG0Tja+X0/mJzX9tSfvIg==",
			"engines": {
				"node": "^12.20 || ^14.13.1 || >= 16"
			},
			"peerDependencies": {
				"svelte": "^3.19.0 || ^4.0.0-next.0"
			}
		},
		"node_modules/svelte-modals": {
			"version": "1.2.1",
			"resolved": "https://registry.npmjs.org/svelte-modals/-/svelte-modals-1.2.1.tgz",
			"integrity": "sha512-7MEKUx5wb5YppkXWFGeRlYM5FMGEnpix39u9Y6GtCNTMXRDZ7DB2Z50IYLMRTMW5lOsCdtJgFbB0E3iZMKmsAA==",
			"peerDependencies": {
				"svelte": "^3.0.0"
			}
		},
		"node_modules/svelte-scrollto-element": {
			"version": "0.7.0",
			"resolved": "https://registry.npmjs.org/svelte-scrollto-element/-/svelte-scrollto-element-0.7.0.tgz",
			"integrity": "sha512-bESbhGeJFwkgMSlklvPrQlYoeMLI7ODWaTzIOzZqSjQJ6nRmub4DcaD8aojKygVX8KotPQu4Qi727nC2eXRRSQ==",
			"peerDependencies": {
				"svelte": "3"
			}
		},
		"node_modules/tiny-glob": {
			"version": "0.2.9",
			"resolved": "https://registry.npmjs.org/tiny-glob/-/tiny-glob-0.2.9.tgz",
			"integrity": "sha512-g/55ssRPUjShh+xkfx9UPDXqhckHEsHr4Vd9zX55oSdGZc/MD0m3sferOkwWtp98bv+kcVfEHtRJgBVJzelrzg==",
			"dependencies": {
				"globalyzer": "0.1.0",
				"globrex": "^0.1.2"
			}
		},
		"node_modules/totalist": {
			"version": "3.0.1",
			"resolved": "https://registry.npmjs.org/totalist/-/totalist-3.0.1.tgz",
			"integrity": "sha512-sf4i37nQ2LBx4m3wB74y+ubopq6W/dIzXg0FDGjsYnZHVa1Da8FH853wlL2gtUhg+xJXjfk3kUZS3BRoQeoQBQ==",
			"engines": {
				"node": ">=6"
			}
		},
		"node_modules/undici": {
			"version": "5.22.1",
			"resolved": "https://registry.npmjs.org/undici/-/undici-5.22.1.tgz",
			"integrity": "sha512-Ji2IJhFXZY0x/0tVBXeQwgPlLWw13GVzpsWPQ3rV50IFMMof2I55PZZxtm4P6iNq+L5znYN9nSTAq0ZyE6lSJw==",
			"dependencies": {
				"busboy": "^1.6.0"
			},
			"engines": {
				"node": ">=14.0"
			}
		},
		"node_modules/vite": {
			"version": "4.3.9",
			"resolved": "https://registry.npmjs.org/vite/-/vite-4.3.9.tgz",
			"integrity": "sha512-qsTNZjO9NoJNW7KnOrgYwczm0WctJ8m/yqYAMAK9Lxt4SoySUfS5S8ia9K7JHpa3KEeMfyF8LoJ3c5NeBJy6pg==",
			"dependencies": {
				"esbuild": "^0.17.5",
				"postcss": "^8.4.23",
				"rollup": "^3.21.0"
			},
			"bin": {
				"vite": "bin/vite.js"
			},
			"engines": {
				"node": "^14.18.0 || >=16.0.0"
			},
			"optionalDependencies": {
				"fsevents": "~2.3.2"
			},
			"peerDependencies": {
				"@types/node": ">= 14",
				"less": "*",
				"sass": "*",
				"stylus": "*",
				"sugarss": "*",
				"terser": "^5.4.0"
			},
			"peerDependenciesMeta": {
				"@types/node": {
					"optional": true
				},
				"less": {
					"optional": true
				},
				"sass": {
					"optional": true
				},
				"stylus": {
					"optional": true
				},
				"sugarss": {
					"optional": true
				},
				"terser": {
					"optional": true
				}
			}
		},
		"node_modules/vitefu": {
			"version": "0.2.4",
			"resolved": "https://registry.npmjs.org/vitefu/-/vitefu-0.2.4.tgz",
			"integrity": "sha512-fanAXjSaf9xXtOOeno8wZXIhgia+CZury481LsDaV++lSvcU2R9Ch2bPh3PYFyoHW+w9LqAeYRISVQjUIew14g==",
			"peerDependencies": {
				"vite": "^3.0.0 || ^4.0.0"
			},
			"peerDependenciesMeta": {
				"vite": {
					"optional": true
				}
			}
		}
	}
}
